{
  "name": "@strategic-dot/components",
  "version": "0.0.13",
  "lockfileVersion": 3,
  "requires": true,
  "packages": {
    "": {
      "name": "@strategic-dot/components",
      "version": "0.0.13",
      "dependencies": {
        "@strategic-dot/components": "file:"
      },
      "engines": {
        "node": "18"
      },
      "peerDependencies": {
        "react": "18.2.0",
        "react-dom": "18.2.0"
      }
    },
    "node_modules/.pnpm/@eslint-community+eslint-utils@4.4.0_eslint@8.46.0/node_modules/@eslint-community/eslint-utils": {
      "version": "4.4.0",
      "extraneous": true,
      "license": "MIT",
      "dependencies": {
        "eslint-visitor-keys": "^3.3.0"
      },
      "devDependencies": {
        "@eslint-community/eslint-plugin-mysticatea": "^15.2.0",
        "c8": "^7.12.0",
        "dot-prop": "^6.0.1",
        "eslint": "^8.28.0",
        "mocha": "^9.2.2",
        "npm-run-all": "^4.1.5",
        "opener": "^1.5.2",
        "prettier": "2.8.4",
        "rimraf": "^3.0.2",
        "rollup": "^2.79.1",
        "rollup-plugin-sourcemaps": "^0.6.3",
        "semver": "^7.3.8",
        "vitepress": "^1.0.0-alpha.40",
        "warun": "^1.0.0"
      },
      "engines": {
        "node": "^12.22.0 || ^14.17.0 || >=16.0.0"
      },
      "peerDependencies": {
        "eslint": "^6.0.0 || ^7.0.0 || >=8.0.0"
      }
    },
    "node_modules/.pnpm/@eslint-community+regexpp@4.11.0/node_modules/@eslint-community/regexpp": {
      "version": "4.11.0",
      "extraneous": true,
      "license": "MIT",
      "devDependencies": {
        "@eslint-community/eslint-plugin-mysticatea": "^15.5.1",
        "@rollup/plugin-node-resolve": "^14.1.0",
        "@types/eslint": "^8.44.3",
        "@types/jsdom": "^16.2.15",
        "@types/mocha": "^9.1.1",
        "@types/node": "^12.20.55",
        "dts-bundle": "^0.7.3",
        "eslint": "^8.50.0",
        "js-tokens": "^8.0.2",
        "jsdom": "^19.0.0",
        "mocha": "^9.2.2",
        "npm-run-all": "^4.1.5",
        "nyc": "^14.1.1",
        "rimraf": "^3.0.2",
        "rollup": "^2.79.1",
        "rollup-plugin-sourcemaps": "^0.6.3",
        "ts-node": "^10.9.1",
        "typescript": "~5.0.2"
      },
      "engines": {
        "node": "^12.0.0 || ^14.0.0 || >=16.0.0"
      }
    },
    "node_modules/.pnpm/@eslint+js@8.57.0/node_modules/@eslint/js": {
      "version": "8.57.0",
      "extraneous": true,
      "license": "MIT",
      "engines": {
        "node": "^12.22.0 || ^14.17.0 || >=16.0.0"
      }
    },
    "node_modules/.pnpm/@types+eslint-scope@3.7.7/node_modules/@types/eslint-scope": {
      "version": "3.7.7",
      "extraneous": true,
      "license": "MIT",
      "dependencies": {
        "@types/eslint": "*",
        "@types/estree": "*"
      }
    },
    "node_modules/.pnpm/@types+node@20.4.9/node_modules/@types/node": {
      "version": "20.4.9",
      "extraneous": true,
      "license": "MIT"
    },
    "node_modules/.pnpm/@typescript-eslint+scope-manager@5.60.0/node_modules/@typescript-eslint/scope-manager": {
      "version": "5.60.0",
      "extraneous": true,
      "license": "MIT",
      "dependencies": {
        "@typescript-eslint/types": "5.60.0",
        "@typescript-eslint/visitor-keys": "5.60.0"
      },
      "devDependencies": {
        "@types/glob": "*",
        "@typescript-eslint/typescript-estree": "5.60.0",
        "glob": "*",
        "jest-specific-snapshot": "*",
        "make-dir": "*",
        "prettier": "*",
        "pretty-format": "*",
        "rimraf": "*",
        "typescript": "*"
      },
      "engines": {
        "node": "^12.22.0 || ^14.17.0 || >=16.0.0"
      },
      "funding": {
        "type": "opencollective",
        "url": "https://opencollective.com/typescript-eslint"
      }
    },
    "node_modules/.pnpm/@typescript-eslint+type-utils@5.60.0_eslint@8.46.0_typescript@5.1.6/node_modules/@typescript-eslint/type-utils": {
      "version": "5.60.0",
      "extraneous": true,
      "license": "MIT",
      "dependencies": {
        "@typescript-eslint/typescript-estree": "5.60.0",
        "@typescript-eslint/utils": "5.60.0",
        "debug": "^4.3.4",
        "tsutils": "^3.21.0"
      },
      "devDependencies": {
        "@typescript-eslint/parser": "5.60.0",
        "typescript": "*"
      },
      "engines": {
        "node": "^12.22.0 || ^14.17.0 || >=16.0.0"
      },
      "funding": {
        "type": "opencollective",
        "url": "https://opencollective.com/typescript-eslint"
      },
      "peerDependencies": {
        "eslint": "*"
      },
      "peerDependenciesMeta": {
        "typescript": {
          "optional": true
        }
      }
    },
    "node_modules/.pnpm/@typescript-eslint+types@5.62.0/node_modules/@typescript-eslint/types": {
      "version": "5.62.0",
      "extraneous": true,
      "license": "MIT",
      "devDependencies": {
        "typescript": "*"
      },
      "engines": {
        "node": "^12.22.0 || ^14.17.0 || >=16.0.0"
      },
      "funding": {
        "type": "opencollective",
        "url": "https://opencollective.com/typescript-eslint"
      }
    },
    "node_modules/.pnpm/@typescript-eslint+visitor-keys@5.60.0/node_modules/@typescript-eslint/visitor-keys": {
      "version": "5.60.0",
      "extraneous": true,
      "license": "MIT",
      "dependencies": {
        "@typescript-eslint/types": "5.60.0",
        "eslint-visitor-keys": "^3.3.0"
      },
      "devDependencies": {
        "@types/eslint-visitor-keys": "*"
      },
      "engines": {
        "node": "^12.22.0 || ^14.17.0 || >=16.0.0"
      },
      "funding": {
        "type": "opencollective",
        "url": "https://opencollective.com/typescript-eslint"
      }
    },
    "node_modules/.pnpm/eslint-compat-utils@0.5.1_eslint@8.46.0": {
      "extraneous": true
    },
    "node_modules/.pnpm/eslint-import-resolver-node@0.3.9/node_modules/eslint-import-resolver-node": {
      "version": "0.3.9",
      "extraneous": true,
      "license": "MIT",
      "dependencies": {
        "debug": "^3.2.7",
        "is-core-module": "^2.13.0",
        "resolve": "^1.22.4"
      },
      "devDependencies": {
        "chai": "^3.5.0",
        "mocha": "^3.5.3",
        "nyc": "^11.9.0"
      }
    },
    "node_modules/.pnpm/eslint-module-utils@2.8.1_@typescript-eslint+parser@5.62.0_eslint-import-resolver-node@0.3.9_eslint@8.46.0/node_modules/eslint-module-utils": {
      "version": "2.8.1",
      "extraneous": true,
      "license": "MIT",
      "dependencies": {
        "debug": "^3.2.7"
      },
      "devDependencies": {
        "@types/debug": "^4.1.12",
        "@types/eslint": "^8.56.3",
        "@types/node": "^20.11.20",
        "typescript": "next"
      },
      "engines": {
        "node": ">=4"
      },
      "peerDependenciesMeta": {
        "eslint": {
          "optional": true
        }
      }
    },
    "node_modules/.pnpm/eslint-plugin-es-x@7.8.0_eslint@8.46.0/node_modules/eslint-plugin-es-x": {
      "version": "7.8.0",
      "extraneous": true,
      "funding": [
        "https://github.com/sponsors/ota-meshi",
        "https://opencollective.com/eslint"
      ],
      "license": "MIT",
      "dependencies": {
        "@eslint-community/eslint-utils": "^4.1.2",
        "@eslint-community/regexpp": "^4.11.0",
        "eslint-compat-utils": "^0.5.1"
      },
      "devDependencies": {
        "@typescript-eslint/parser": "^7.0.2",
        "env-cmd": "^10.1.0",
        "eslint": "^9.1.0",
        "eslint-plugin-eslint-comments": "^3.2.0",
        "eslint-plugin-eslint-plugin": "^6.0.0",
        "eslint-plugin-n": "^17.8.1",
        "eslint-plugin-prettier": "^5.0.0",
        "eslint-plugin-vue": "^9.25.0",
        "espree": "^10.1.0",
        "globals": "^15.0.0",
        "jsdom": "^24.0.0",
        "mocha": "^10.0.0",
        "monaco-editor": "^0.50.0",
        "npm-run-all": "^4.1.5",
        "nyc": "^17.0.0",
        "opener": "^1.5.1",
        "rimraf": "^5.0.0",
        "semver": "^7.0.0",
        "typescript": "^5.0.2",
        "vite-plugin-eslint4b": "^0.4.0",
        "vitepress": "^1.0.0-rc.14",
        "vue-eslint-editor": "^1.1.0",
        "vue-eslint-parser": "^9.0.0"
      },
      "engines": {
        "node": "^14.18.0 || >=16.0.0"
      },
      "peerDependencies": {
        "eslint": ">=8"
      }
    },
    "node_modules/.pnpm/eslint-visitor-keys@3.4.3/node_modules/eslint-visitor-keys": {
      "version": "3.4.3",
      "extraneous": true,
      "license": "Apache-2.0",
      "devDependencies": {
        "@types/estree": "^0.0.51",
        "@types/estree-jsx": "^0.0.1",
        "@typescript-eslint/parser": "^5.14.0",
        "c8": "^7.11.0",
        "chai": "^4.3.6",
        "eslint": "^7.29.0",
        "eslint-config-eslint": "^7.0.0",
        "eslint-plugin-jsdoc": "^35.4.0",
        "eslint-plugin-node": "^11.1.0",
        "eslint-release": "^3.2.0",
        "esquery": "^1.4.0",
        "json-diff": "^0.7.3",
        "mocha": "^9.2.1",
        "opener": "^1.5.2",
        "rollup": "^2.70.0",
        "rollup-plugin-dts": "^4.2.3",
        "tsd": "^0.19.1",
        "typescript": "^4.6.2"
      },
      "engines": {
        "node": "^12.22.0 || ^14.17.0 || >=16.0.0"
      },
      "funding": {
        "url": "https://opencollective.com/eslint"
      }
    },
    "node_modules/.pnpm/eslint@8.46.0/node_modules/eslint": {
      "version": "8.46.0",
      "extraneous": true,
      "license": "MIT",
      "dependencies": {
        "@eslint-community/eslint-utils": "^4.2.0",
        "@eslint-community/regexpp": "^4.6.1",
        "@eslint/eslintrc": "^2.1.1",
        "@eslint/js": "^8.46.0",
        "@humanwhocodes/config-array": "^0.11.10",
        "@humanwhocodes/module-importer": "^1.0.1",
        "@nodelib/fs.walk": "^1.2.8",
        "ajv": "^6.12.4",
        "chalk": "^4.0.0",
        "cross-spawn": "^7.0.2",
        "debug": "^4.3.2",
        "doctrine": "^3.0.0",
        "escape-string-regexp": "^4.0.0",
        "eslint-scope": "^7.2.2",
        "eslint-visitor-keys": "^3.4.2",
        "espree": "^9.6.1",
        "esquery": "^1.4.2",
        "esutils": "^2.0.2",
        "fast-deep-equal": "^3.1.3",
        "file-entry-cache": "^6.0.1",
        "find-up": "^5.0.0",
        "glob-parent": "^6.0.2",
        "globals": "^13.19.0",
        "graphemer": "^1.4.0",
        "ignore": "^5.2.0",
        "imurmurhash": "^0.1.4",
        "is-glob": "^4.0.0",
        "is-path-inside": "^3.0.3",
        "js-yaml": "^4.1.0",
        "json-stable-stringify-without-jsonify": "^1.0.1",
        "levn": "^0.4.1",
        "lodash.merge": "^4.6.2",
        "minimatch": "^3.1.2",
        "natural-compare": "^1.4.0",
        "optionator": "^0.9.3",
        "strip-ansi": "^6.0.1",
        "text-table": "^0.2.0"
      },
      "bin": {
        "eslint": "bin/eslint.js"
      },
      "devDependencies": {
        "@babel/core": "^7.4.3",
        "@babel/preset-env": "^7.4.3",
        "babel-loader": "^8.0.5",
        "c8": "^7.12.0",
        "chai": "^4.0.1",
        "cheerio": "^0.22.0",
        "common-tags": "^1.8.0",
        "core-js": "^3.1.3",
        "ejs": "^3.0.2",
        "eslint": "file:.",
        "eslint-config-eslint": "file:packages/eslint-config-eslint",
        "eslint-plugin-eslint-comments": "^3.2.0",
        "eslint-plugin-eslint-plugin": "^5.1.0",
        "eslint-plugin-internal-rules": "file:tools/internal-rules",
        "eslint-plugin-jsdoc": "^46.2.5",
        "eslint-plugin-n": "^16.0.0",
        "eslint-plugin-unicorn": "^42.0.0",
        "eslint-release": "^3.2.0",
        "eslump": "^3.0.0",
        "esprima": "^4.0.1",
        "fast-glob": "^3.2.11",
        "fs-teardown": "^0.1.3",
        "glob": "^7.1.6",
        "got": "^11.8.3",
        "gray-matter": "^4.0.3",
        "karma": "^6.1.1",
        "karma-chrome-launcher": "^3.1.0",
        "karma-mocha": "^2.0.1",
        "karma-mocha-reporter": "^2.2.5",
        "karma-webpack": "^5.0.0",
        "lint-staged": "^11.0.0",
        "load-perf": "^0.2.0",
        "markdownlint": "^0.25.1",
        "markdownlint-cli": "^0.31.1",
        "marked": "^4.0.8",
        "memfs": "^3.0.1",
        "metascraper": "^5.25.7",
        "metascraper-description": "^5.25.7",
        "metascraper-image": "^5.29.3",
        "metascraper-logo": "^5.25.7",
        "metascraper-logo-favicon": "^5.25.7",
        "metascraper-title": "^5.25.7",
        "mocha": "^8.3.2",
        "mocha-junit-reporter": "^2.0.0",
        "node-polyfill-webpack-plugin": "^1.0.3",
        "npm-license": "^0.3.3",
        "pirates": "^4.0.5",
        "progress": "^2.0.3",
        "proxyquire": "^2.0.1",
        "puppeteer": "^13.7.0",
        "recast": "^0.20.4",
        "regenerator-runtime": "^0.13.2",
        "semver": "^7.5.3",
        "shelljs": "^0.8.2",
        "sinon": "^11.0.0",
        "webpack": "^5.23.0",
        "webpack-cli": "^4.5.0",
        "yorkie": "^2.0.0"
      },
      "engines": {
        "node": "^12.22.0 || ^14.17.0 || >=16.0.0"
      },
      "funding": {
        "url": "https://opencollective.com/eslint"
      }
    },
    "node_modules/.pnpm/eslint@8.46.0/node_modules/eslint/packages/eslint-config-eslint": {
      "extraneous": true
    },
    "node_modules/.pnpm/eslint@8.46.0/node_modules/eslint/tools/internal-rules": {
      "extraneous": true
    },
    "node_modules/.pnpm/file+_react-dom@18.2.0_react@18.2.0/node_modules/@strategic-dot/ds": {
      "version": "0.0.1",
      "extraneous": true,
      "dependencies": {
        "@strategic-dot/ds": "file:",
        "react": "18.2.0",
        "react-dom": "18.2.0"
      },
      "devDependencies": {
        "@babel/core": "7.22.10",
        "@storybook/addon-essentials": "7.2.2",
        "@storybook/addon-interactions": "7.2.2",
        "@storybook/addon-links": "7.2.2",
        "@storybook/addon-styling": "1.3.6",
        "@storybook/blocks": "7.2.2",
        "@storybook/react": "7.2.2",
        "@storybook/react-vite": "7.2.2",
        "@storybook/testing-library": "0.2.0",
        "@testing-library/react": "14.0.0",
        "@types/node": "20.4.9",
        "@types/react": "18.2.20",
        "@types/react-dom": "18.2.7",
        "@typescript-eslint/eslint-plugin": "5.60.0",
        "@vitejs/plugin-react": "4.0.4",
        "@vitest/coverage-v8": "0.34.1",
        "autoprefixer": "10.4.14",
        "babel-loader": "9.1.3",
        "eslint": "8.46.0",
        "eslint-config-prettier": "9.0.0",
        "eslint-config-standard-with-typescript": "37.0.0",
        "eslint-plugin-import": "2.28.0",
        "eslint-plugin-n": "16.0.1",
        "eslint-plugin-promise": "6.1.1",
        "eslint-plugin-react": "7.33.1",
        "eslint-plugin-storybook": "0.6.13",
        "husky": "8.0.3",
        "jsdom": "22.1.0",
        "json": "11.0.0",
        "lint-staged": "13.2.3",
        "postcss": "8.4.27",
        "prettier": "3.0.1",
        "prop-types": "15.8.1",
        "storybook": "7.2.2",
        "tailwindcss": "3.3.3",
        "typescript": "5.1.6",
        "vite": "4.4.9",
        "vite-plugin-dts": "3.5.1",
        "vitest": "0.34.1"
      },
      "engines": {
        "node": "18"
      },
      "peerDependencies": {
        "react": "18.2.0",
        "react-dom": "18.2.0"
      }
    },
    "node_modules/.pnpm/husky@8.0.3/node_modules/husky": {
      "version": "8.0.3",
      "extraneous": true,
      "license": "MIT",
      "bin": {
        "husky": "lib/bin.js"
      },
      "devDependencies": {
        "@commitlint/cli": "^17.3.0",
        "@commitlint/config-conventional": "^17.3.0",
        "@tsconfig/node14": "^1.0.3",
        "@types/node": "^18.11.18",
        "@typicode/eslint-config": "^1.1.0",
        "docsify-cli": "^4.4.4",
        "typescript": "^4.9.4"
      },
      "engines": {
        "node": ">=14"
      },
      "funding": {
        "url": "https://github.com/sponsors/typicode"
      }
    },
    "node_modules/.pnpm/json@11.0.0/node_modules/json": {
      "version": "11.0.0",
      "extraneous": true,
      "bin": {
        "json": "lib/json.js"
      },
      "devDependencies": {
        "ansidiff": "1.0",
        "async": "^3.2.0",
        "ben": "0.0.x",
        "nodeunit": "^0.11.3",
        "semver": "^7.3.2",
        "uglify-js": "^3.10.2"
      },
      "engines": {
        "node": ">=0.10.0"
      }
    },
    "node_modules/.pnpm/prettier@3.0.1/node_modules/prettier": {
      "version": "3.0.1",
      "extraneous": true,
      "license": "MIT",
      "bin": {
        "prettier": "bin/prettier.cjs"
      },
      "engines": {
        "node": ">=14"
      },
      "funding": {
        "url": "https://github.com/prettier/prettier?sponsor=1"
      }
    },
    "node_modules/.pnpm/semver@7.6.3/node_modules/semver": {
      "version": "7.6.3",
      "extraneous": true,
      "license": "ISC",
      "bin": {
        "semver": "bin/semver.js"
      },
      "devDependencies": {
        "@npmcli/eslint-config": "^4.0.0",
        "@npmcli/template-oss": "4.22.0",
        "benchmark": "^2.1.4",
        "tap": "^16.0.0"
      },
      "engines": {
        "node": ">=10"
      }
    },
    "node_modules/@strategic-dot/components": {
      "resolved": "",
      "link": true
    },
    "node_modules/js-tokens": {
      "version": "4.0.0",
      "resolved": "https://registry.npmjs.org/js-tokens/-/js-tokens-4.0.0.tgz",
      "integrity": "sha512-RdJUflcE3cUzKiMqQgsCu06FPu9UdIJO0beYbPhHN4k6apgJtifcoCtT9bcxOpYBtpD2kCM6Sbzg4CausW/PKQ==",
      "peer": true
    },
    "node_modules/loose-envify": {
      "version": "1.4.0",
      "resolved": "https://registry.npmjs.org/loose-envify/-/loose-envify-1.4.0.tgz",
      "integrity": "sha512-lyuxPGr/Wfhrlem2CL/UcnUc1zcqKAImBDzukY7Y5F/yQiNdko6+fRLevlw1HgMySw7f611UIY408EtxRSoK3Q==",
      "peer": true,
      "dependencies": {
        "js-tokens": "^3.0.0 || ^4.0.0"
      },
      "bin": {
        "loose-envify": "cli.js"
      }
    },
    "node_modules/react": {
      "version": "18.2.0",
      "resolved": "https://registry.npmjs.org/react/-/react-18.2.0.tgz",
      "integrity": "sha512-/3IjMdb2L9QbBdWiW5e3P2/npwMBaU9mHCSCUzNln0ZCYbcfTsGbTJrU/kGemdH2IWmB2ioZ+zkxtmq6g09fGQ==",
      "peer": true,
      "dependencies": {
        "loose-envify": "^1.1.0"
      },
      "engines": {
        "node": ">=0.10.0"
      }
    },
    "node_modules/react-dom": {
      "version": "18.2.0",
      "resolved": "https://registry.npmjs.org/react-dom/-/react-dom-18.2.0.tgz",
      "integrity": "sha512-6IMTriUmvsjHUjNtEDudZfuDQUoWXVxKHhlEGSk81n4YFS+r/Kl99wXiwlVXtPBtJenozv2P+hxDsw9eA7Xo6g==",
      "peer": true,
      "dependencies": {
        "loose-envify": "^1.1.0",
        "scheduler": "^0.23.0"
      },
      "peerDependencies": {
        "react": "^18.2.0"
      }
    },
    "node_modules/scheduler": {
      "version": "0.23.2",
      "resolved": "https://registry.npmjs.org/scheduler/-/scheduler-0.23.2.tgz",
      "integrity": "sha512-UOShsPwz7NrMUqhR6t0hWjFduvOzbtv7toDH1/hIrfRNIDBnnBWd0CwJTGvTpngVlmwGCdP9/Zl/tVrDqcuYzQ==",
      "peer": true,
      "dependencies": {
        "loose-envify": "^1.1.0"
      }
    }
  }
}
