{
  "name": "@strategic-dot/components",
  "version": "0.0.18",
  "lockfileVersion": 3,
  "requires": true,
  "packages": {
    "": {
      "name": "@strategic-dot/components",
      "version": "0.0.18",
      "dependencies": {
        "@strategic-dot/components": "file:"
      },
      "engines": {
        "node": "18"
      },
      "peerDependencies": {
        "react": "^18.2.0",
        "react-dom": "^18.2.0"
      }
    },
    "node_modules/.pnpm/@strategic-dot+components@file+_react-dom@18.3.1_react@18.3.1__react@18.3.1": {
      "extraneous": true
    },
    "node_modules/.pnpm/js-tokens@4.0.0/node_modules/js-tokens": {
      "version": "4.0.0",
      "extraneous": true,
      "license": "MIT",
      "devDependencies": {
        "coffeescript": "2.1.1",
        "esprima": "4.0.0",
        "everything.js": "1.0.3",
        "mocha": "5.0.0"
      }
    },
    "node_modules/.pnpm/loose-envify@1.4.0": {
      "extraneous": true
    },
    "node_modules/.pnpm/react-dom@18.3.1_react@18.3.1": {
      "peer": true
    },
    "node_modules/.pnpm/react-dom@18.3.1_react@18.3.1/node_modules/react": {
      "resolved": "node_modules/.pnpm/react@18.3.1/node_modules/react",
      "link": true
    },
    "node_modules/.pnpm/react-dom@18.3.1_react@18.3.1/node_modules/react-dom": {
      "version": "18.3.1",
      "license": "MIT",
      "peer": true,
      "dependencies": {
        "loose-envify": "^1.1.0",
        "scheduler": "^0.23.2"
      },
      "peerDependencies": {
        "react": "^18.3.1"
      }
    },
    "node_modules/.pnpm/react-dom@18.3.1_react@18.3.1/node_modules/scheduler": {
      "resolved": "node_modules/.pnpm/scheduler@0.23.2/node_modules/scheduler",
      "link": true
    },
    "node_modules/.pnpm/react@18.3.1": {
      "peer": true
    },
    "node_modules/.pnpm/react@18.3.1/node_modules/react": {
      "version": "18.3.1",
      "license": "MIT",
      "peer": true,
      "dependencies": {
        "loose-envify": "^1.1.0"
      },
      "engines": {
        "node": ">=0.10.0"
      }
    },
    "node_modules/.pnpm/scheduler@0.23.2": {
      "peer": true
    },
    "node_modules/.pnpm/scheduler@0.23.2/node_modules/scheduler": {
      "version": "0.23.2",
      "license": "MIT",
      "peer": true,
      "dependencies": {
        "loose-envify": "^1.1.0"
      }
    },
    "node_modules/@strategic-dot/components": {
      "resolved": "",
      "link": true
    },
    "node_modules/js-tokens": {
      "version": "4.0.0",
      "resolved": "https://registry.npmjs.org/js-tokens/-/js-tokens-4.0.0.tgz",
      "integrity": "sha512-RdJUflcE3cUzKiMqQgsCu06FPu9UdIJO0beYbPhHN4k6apgJtifcoCtT9bcxOpYBtpD2kCM6Sbzg4CausW/PKQ==",
      "peer": true
    },
    "node_modules/loose-envify": {
      "version": "1.4.0",
      "resolved": "https://registry.npmjs.org/loose-envify/-/loose-envify-1.4.0.tgz",
      "integrity": "sha512-lyuxPGr/Wfhrlem2CL/UcnUc1zcqKAImBDzukY7Y5F/yQiNdko6+fRLevlw1HgMySw7f611UIY408EtxRSoK3Q==",
      "peer": true,
      "dependencies": {
        "js-tokens": "^3.0.0 || ^4.0.0"
      },
      "bin": {
        "loose-envify": "cli.js"
      }
    },
    "node_modules/react": {
      "resolved": "node_modules/.pnpm/react@18.3.1/node_modules/react",
      "link": true
    },
    "node_modules/react-dom": {
      "resolved": "node_modules/.pnpm/react-dom@18.3.1_react@18.3.1/node_modules/react-dom",
      "link": true
    }
  }
}
